
Microsoft Visual Studio Solution File, Format Version 12.00
# Visual Studio Version 16
VisualStudioVersion = 16.0.33927.289
MinimumVisualStudioVersion = 10.0.40219.1
Project("{FAE04EC0-301F-11D3-BF4B-00C04F79EFBC}") = "Kalkulator", "Kalkulator\Kalkulator.csproj", "{8D558306-03FD-4341-941D-D235280CD01B}"
EndProject
Global
	GlobalSection(SolutionConfigurationPlatforms) = preSolution
		Debug|Any CPU = Debug|Any CPU
		Release|Any CPU = Release|Any CPU
	EndGlobalSection
	GlobalSection(ProjectConfigurationPlatforms) = postSolution
		{8D558306-03FD-4341-941D-D235280CD01B}.Debug|Any CPU.ActiveCfg = Debug|Any CPU
		{8D558306-03FD-4341-941D-D235280CD01B}.Debug|Any CPU.Build.0 = Debug|Any CPU
		{8D558306-03FD-4341-941D-D235280CD01B}.Release|Any CPU.ActiveCfg = Release|Any CPU
		{8D558306-03FD-4341-941D-D235280CD01B}.Release|Any CPU.Build.0 = Release|Any CPU
	EndGlobalSection
	GlobalSection(SolutionProperties) = preSolution
		HideSolutionNode = FALSE
	EndGlobalSection
	GlobalSection(ExtensibilityGlobals) = postSolution
		SolutionGuid = {D8BE6671-A249-4E0C-912F-92F00606345D}
	EndGlobalSection
EndGlobal
